
Microsoft Visual Studio Solution File, Format Version 12.00
# Visual Studio Version 17
VisualStudioVersion = 17.2.32210.308
MinimumVisualStudioVersion = 10.0.40219.1
Project("{FAE04EC0-301F-11D3-BF4B-00C04F79EFBC}") = "Task1", "Task1\Task1.csproj", "{D956C553-6210-4131-94A4-081193843351}"
EndProject
Global
	GlobalSection(SolutionConfigurationPlatforms) = preSolution
		Debug|Any CPU = Debug|Any CPU
		Release|Any CPU = Release|Any CPU
	EndGlobalSection
	GlobalSection(ProjectConfigurationPlatforms) = postSolution
		{D956C553-6210-4131-94A4-081193843351}.Debug|Any CPU.ActiveCfg = Debug|Any CPU
		{D956C553-6210-4131-94A4-081193843351}.Debug|Any CPU.Build.0 = Debug|Any CPU
		{D956C553-6210-4131-94A4-081193843351}.Release|Any CPU.ActiveCfg = Release|Any CPU
		{D956C553-6210-4131-94A4-081193843351}.Release|Any CPU.Build.0 = Release|Any CPU
	EndGlobalSection
	GlobalSection(SolutionProperties) = preSolution
		HideSolutionNode = FALSE
	EndGlobalSection
	GlobalSection(ExtensibilityGlobals) = postSolution
		SolutionGuid = {FF4D98EC-648D-4B2F-8A85-2F47BF93F3E0}
	EndGlobalSection
EndGlobal
