
Microsoft Visual Studio Solution File, Format Version 12.00
# Visual Studio Version 16
VisualStudioVersion = 16.0.32002.261
MinimumVisualStudioVersion = 10.0.40219.1
Project("{FAE04EC0-301F-11D3-BF4B-00C04F79EFBC}") = "Task1", "Task1\Task1.csproj", "{D909B353-15D3-4496-B816-0DF40D3F3DAD}"
EndProject
Project("{FAE04EC0-301F-11D3-BF4B-00C04F79EFBC}") = "Task2", "Task2\Task2.csproj", "{A8FEA2E6-A38B-49AA-B1C1-47B5EFB511F7}"
EndProject
Project("{FAE04EC0-301F-11D3-BF4B-00C04F79EFBC}") = "Task3", "Task3\Task3.csproj", "{EB239F92-3AED-47E9-B4C7-A7CEB84D104F}"
EndProject
Global
	GlobalSection(SolutionConfigurationPlatforms) = preSolution
		Debug|Any CPU = Debug|Any CPU
		Release|Any CPU = Release|Any CPU
	EndGlobalSection
	GlobalSection(ProjectConfigurationPlatforms) = postSolution
		{D909B353-15D3-4496-B816-0DF40D3F3DAD}.Debug|Any CPU.ActiveCfg = Debug|Any CPU
		{D909B353-15D3-4496-B816-0DF40D3F3DAD}.Debug|Any CPU.Build.0 = Debug|Any CPU
		{D909B353-15D3-4496-B816-0DF40D3F3DAD}.Release|Any CPU.ActiveCfg = Release|Any CPU
		{D909B353-15D3-4496-B816-0DF40D3F3DAD}.Release|Any CPU.Build.0 = Release|Any CPU
		{A8FEA2E6-A38B-49AA-B1C1-47B5EFB511F7}.Debug|Any CPU.ActiveCfg = Debug|Any CPU
		{A8FEA2E6-A38B-49AA-B1C1-47B5EFB511F7}.Debug|Any CPU.Build.0 = Debug|Any CPU
		{A8FEA2E6-A38B-49AA-B1C1-47B5EFB511F7}.Release|Any CPU.ActiveCfg = Release|Any CPU
		{A8FEA2E6-A38B-49AA-B1C1-47B5EFB511F7}.Release|Any CPU.Build.0 = Release|Any CPU
		{EB239F92-3AED-47E9-B4C7-A7CEB84D104F}.Debug|Any CPU.ActiveCfg = Debug|Any CPU
		{EB239F92-3AED-47E9-B4C7-A7CEB84D104F}.Debug|Any CPU.Build.0 = Debug|Any CPU
		{EB239F92-3AED-47E9-B4C7-A7CEB84D104F}.Release|Any CPU.ActiveCfg = Release|Any CPU
		{EB239F92-3AED-47E9-B4C7-A7CEB84D104F}.Release|Any CPU.Build.0 = Release|Any CPU
	EndGlobalSection
	GlobalSection(SolutionProperties) = preSolution
		HideSolutionNode = FALSE
	EndGlobalSection
	GlobalSection(ExtensibilityGlobals) = postSolution
		SolutionGuid = {CB13AA0A-819B-43D2-92A2-E1C0C8CAA26C}
	EndGlobalSection
EndGlobal
