
Microsoft Visual Studio Solution File, Format Version 12.00
# Visual Studio Version 16
VisualStudioVersion = 16.0.32002.261
MinimumVisualStudioVersion = 10.0.40219.1
Project("{FAE04EC0-301F-11D3-BF4B-00C04F79EFBC}") = "Task1", "Task1\Task1.csproj", "{0A49A219-052B-47E0-8E44-E55C8FFFF7A3}"
EndProject
Project("{FAE04EC0-301F-11D3-BF4B-00C04F79EFBC}") = "Task2", "Task2\Task2.csproj", "{D0086399-E0AF-4D19-B676-7E23A240C477}"
EndProject
Project("{FAE04EC0-301F-11D3-BF4B-00C04F79EFBC}") = "Task3", "Task3\Task3.csproj", "{4AA51D09-94E9-49FC-9336-C150515B8811}"
EndProject
Global
	GlobalSection(SolutionConfigurationPlatforms) = preSolution
		Debug|Any CPU = Debug|Any CPU
		Release|Any CPU = Release|Any CPU
	EndGlobalSection
	GlobalSection(ProjectConfigurationPlatforms) = postSolution
		{0A49A219-052B-47E0-8E44-E55C8FFFF7A3}.Debug|Any CPU.ActiveCfg = Debug|Any CPU
		{0A49A219-052B-47E0-8E44-E55C8FFFF7A3}.Debug|Any CPU.Build.0 = Debug|Any CPU
		{0A49A219-052B-47E0-8E44-E55C8FFFF7A3}.Release|Any CPU.ActiveCfg = Release|Any CPU
		{0A49A219-052B-47E0-8E44-E55C8FFFF7A3}.Release|Any CPU.Build.0 = Release|Any CPU
		{D0086399-E0AF-4D19-B676-7E23A240C477}.Debug|Any CPU.ActiveCfg = Debug|Any CPU
		{D0086399-E0AF-4D19-B676-7E23A240C477}.Debug|Any CPU.Build.0 = Debug|Any CPU
		{D0086399-E0AF-4D19-B676-7E23A240C477}.Release|Any CPU.ActiveCfg = Release|Any CPU
		{D0086399-E0AF-4D19-B676-7E23A240C477}.Release|Any CPU.Build.0 = Release|Any CPU
		{4AA51D09-94E9-49FC-9336-C150515B8811}.Debug|Any CPU.ActiveCfg = Debug|Any CPU
		{4AA51D09-94E9-49FC-9336-C150515B8811}.Debug|Any CPU.Build.0 = Debug|Any CPU
		{4AA51D09-94E9-49FC-9336-C150515B8811}.Release|Any CPU.ActiveCfg = Release|Any CPU
		{4AA51D09-94E9-49FC-9336-C150515B8811}.Release|Any CPU.Build.0 = Release|Any CPU
	EndGlobalSection
	GlobalSection(SolutionProperties) = preSolution
		HideSolutionNode = FALSE
	EndGlobalSection
	GlobalSection(ExtensibilityGlobals) = postSolution
		SolutionGuid = {E7A86BE4-5398-48D1-A0C6-AC1383D44529}
	EndGlobalSection
EndGlobal
