
Microsoft Visual Studio Solution File, Format Version 12.00
# Visual Studio Version 16
VisualStudioVersion = 16.0.32002.261
MinimumVisualStudioVersion = 10.0.40219.1
Project("{FAE04EC0-301F-11D3-BF4B-00C04F79EFBC}") = "Task1", "Task1\Task1.csproj", "{344AE05E-3C0B-4897-8D0A-B23B506438C0}"
EndProject
Project("{FAE04EC0-301F-11D3-BF4B-00C04F79EFBC}") = "Task2", "Task2\Task2.csproj", "{1709112A-BEE4-47D8-9242-284AD0FE9203}"
EndProject
Project("{FAE04EC0-301F-11D3-BF4B-00C04F79EFBC}") = "Task3", "Task3\Task3.csproj", "{00AE2AFE-34FD-450D-B4E2-6161DDCC196A}"
EndProject
Project("{FAE04EC0-301F-11D3-BF4B-00C04F79EFBC}") = "Task4", "Task4\Task4.csproj", "{0C4292F0-C443-43AA-B812-7EFBC9916F42}"
EndProject
Project("{FAE04EC0-301F-11D3-BF4B-00C04F79EFBC}") = "Task5", "Task5\Task5.csproj", "{4C2AE9AE-876A-4BB7-BBF8-9637608B666B}"
EndProject
Global
	GlobalSection(SolutionConfigurationPlatforms) = preSolution
		Debug|Any CPU = Debug|Any CPU
		Release|Any CPU = Release|Any CPU
	EndGlobalSection
	GlobalSection(ProjectConfigurationPlatforms) = postSolution
		{344AE05E-3C0B-4897-8D0A-B23B506438C0}.Debug|Any CPU.ActiveCfg = Debug|Any CPU
		{344AE05E-3C0B-4897-8D0A-B23B506438C0}.Debug|Any CPU.Build.0 = Debug|Any CPU
		{344AE05E-3C0B-4897-8D0A-B23B506438C0}.Release|Any CPU.ActiveCfg = Release|Any CPU
		{344AE05E-3C0B-4897-8D0A-B23B506438C0}.Release|Any CPU.Build.0 = Release|Any CPU
		{1709112A-BEE4-47D8-9242-284AD0FE9203}.Debug|Any CPU.ActiveCfg = Debug|Any CPU
		{1709112A-BEE4-47D8-9242-284AD0FE9203}.Debug|Any CPU.Build.0 = Debug|Any CPU
		{1709112A-BEE4-47D8-9242-284AD0FE9203}.Release|Any CPU.ActiveCfg = Release|Any CPU
		{1709112A-BEE4-47D8-9242-284AD0FE9203}.Release|Any CPU.Build.0 = Release|Any CPU
		{00AE2AFE-34FD-450D-B4E2-6161DDCC196A}.Debug|Any CPU.ActiveCfg = Debug|Any CPU
		{00AE2AFE-34FD-450D-B4E2-6161DDCC196A}.Debug|Any CPU.Build.0 = Debug|Any CPU
		{00AE2AFE-34FD-450D-B4E2-6161DDCC196A}.Release|Any CPU.ActiveCfg = Release|Any CPU
		{00AE2AFE-34FD-450D-B4E2-6161DDCC196A}.Release|Any CPU.Build.0 = Release|Any CPU
		{0C4292F0-C443-43AA-B812-7EFBC9916F42}.Debug|Any CPU.ActiveCfg = Debug|Any CPU
		{0C4292F0-C443-43AA-B812-7EFBC9916F42}.Debug|Any CPU.Build.0 = Debug|Any CPU
		{0C4292F0-C443-43AA-B812-7EFBC9916F42}.Release|Any CPU.ActiveCfg = Release|Any CPU
		{0C4292F0-C443-43AA-B812-7EFBC9916F42}.Release|Any CPU.Build.0 = Release|Any CPU
		{4C2AE9AE-876A-4BB7-BBF8-9637608B666B}.Debug|Any CPU.ActiveCfg = Debug|Any CPU
		{4C2AE9AE-876A-4BB7-BBF8-9637608B666B}.Debug|Any CPU.Build.0 = Debug|Any CPU
		{4C2AE9AE-876A-4BB7-BBF8-9637608B666B}.Release|Any CPU.ActiveCfg = Release|Any CPU
		{4C2AE9AE-876A-4BB7-BBF8-9637608B666B}.Release|Any CPU.Build.0 = Release|Any CPU
	EndGlobalSection
	GlobalSection(SolutionProperties) = preSolution
		HideSolutionNode = FALSE
	EndGlobalSection
	GlobalSection(ExtensibilityGlobals) = postSolution
		SolutionGuid = {54C4F866-EC80-4A0F-B591-FB9A65A2D7EC}
	EndGlobalSection
EndGlobal
