
Microsoft Visual Studio Solution File, Format Version 12.00
# Visual Studio Version 16
VisualStudioVersion = 16.0.32002.261
MinimumVisualStudioVersion = 10.0.40219.1
Project("{FAE04EC0-301F-11D3-BF4B-00C04F79EFBC}") = "Task1Wpf", "Task1Wpf\Task1Wpf.csproj", "{861A36A9-4180-4C07-A861-A95A7BA07FA7}"
EndProject
Global
	GlobalSection(SolutionConfigurationPlatforms) = preSolution
		Debug|Any CPU = Debug|Any CPU
		Release|Any CPU = Release|Any CPU
	EndGlobalSection
	GlobalSection(ProjectConfigurationPlatforms) = postSolution
		{861A36A9-4180-4C07-A861-A95A7BA07FA7}.Debug|Any CPU.ActiveCfg = Debug|Any CPU
		{861A36A9-4180-4C07-A861-A95A7BA07FA7}.Debug|Any CPU.Build.0 = Debug|Any CPU
		{861A36A9-4180-4C07-A861-A95A7BA07FA7}.Release|Any CPU.ActiveCfg = Release|Any CPU
		{861A36A9-4180-4C07-A861-A95A7BA07FA7}.Release|Any CPU.Build.0 = Release|Any CPU
	EndGlobalSection
	GlobalSection(SolutionProperties) = preSolution
		HideSolutionNode = FALSE
	EndGlobalSection
	GlobalSection(ExtensibilityGlobals) = postSolution
		SolutionGuid = {E57200E0-7204-414D-9F2E-A01E52A6A3CB}
	EndGlobalSection
EndGlobal
