
Microsoft Visual Studio Solution File, Format Version 12.00
# Visual Studio Version 17
VisualStudioVersion = 17.2.32314.265
MinimumVisualStudioVersion = 10.0.40219.1
Project("{FAE04EC0-301F-11D3-BF4B-00C04F79EFBC}") = "Task1", "Task1\Task1.csproj", "{9AEFFF43-67ED-4541-8601-B5F5BF7426F1}"
EndProject
Project("{FAE04EC0-301F-11D3-BF4B-00C04F79EFBC}") = "Task2", "Task2\Task2.csproj", "{31F6FB56-B166-441A-A0EF-81D56EC72B0D}"
EndProject
Project("{FAE04EC0-301F-11D3-BF4B-00C04F79EFBC}") = "Task3", "Task3\Task3.csproj", "{D8FA0633-650A-4F1F-9F91-160FBB09E44D}"
EndProject
Project("{FAE04EC0-301F-11D3-BF4B-00C04F79EFBC}") = "Task4", "Task4\Task4.csproj", "{3A2BB18E-9B9B-41B5-AAC5-8F150000270D}"
EndProject
Project("{FAE04EC0-301F-11D3-BF4B-00C04F79EFBC}") = "Task5", "Task5\Task5.csproj", "{A711DB05-1596-422C-A886-9E89E41D222A}"
EndProject
Global
	GlobalSection(SolutionConfigurationPlatforms) = preSolution
		Debug|Any CPU = Debug|Any CPU
		Release|Any CPU = Release|Any CPU
	EndGlobalSection
	GlobalSection(ProjectConfigurationPlatforms) = postSolution
		{9AEFFF43-67ED-4541-8601-B5F5BF7426F1}.Debug|Any CPU.ActiveCfg = Debug|Any CPU
		{9AEFFF43-67ED-4541-8601-B5F5BF7426F1}.Debug|Any CPU.Build.0 = Debug|Any CPU
		{9AEFFF43-67ED-4541-8601-B5F5BF7426F1}.Release|Any CPU.ActiveCfg = Release|Any CPU
		{9AEFFF43-67ED-4541-8601-B5F5BF7426F1}.Release|Any CPU.Build.0 = Release|Any CPU
		{31F6FB56-B166-441A-A0EF-81D56EC72B0D}.Debug|Any CPU.ActiveCfg = Debug|Any CPU
		{31F6FB56-B166-441A-A0EF-81D56EC72B0D}.Debug|Any CPU.Build.0 = Debug|Any CPU
		{31F6FB56-B166-441A-A0EF-81D56EC72B0D}.Release|Any CPU.ActiveCfg = Release|Any CPU
		{31F6FB56-B166-441A-A0EF-81D56EC72B0D}.Release|Any CPU.Build.0 = Release|Any CPU
		{D8FA0633-650A-4F1F-9F91-160FBB09E44D}.Debug|Any CPU.ActiveCfg = Debug|Any CPU
		{D8FA0633-650A-4F1F-9F91-160FBB09E44D}.Debug|Any CPU.Build.0 = Debug|Any CPU
		{D8FA0633-650A-4F1F-9F91-160FBB09E44D}.Release|Any CPU.ActiveCfg = Release|Any CPU
		{D8FA0633-650A-4F1F-9F91-160FBB09E44D}.Release|Any CPU.Build.0 = Release|Any CPU
		{3A2BB18E-9B9B-41B5-AAC5-8F150000270D}.Debug|Any CPU.ActiveCfg = Debug|Any CPU
		{3A2BB18E-9B9B-41B5-AAC5-8F150000270D}.Debug|Any CPU.Build.0 = Debug|Any CPU
		{3A2BB18E-9B9B-41B5-AAC5-8F150000270D}.Release|Any CPU.ActiveCfg = Release|Any CPU
		{3A2BB18E-9B9B-41B5-AAC5-8F150000270D}.Release|Any CPU.Build.0 = Release|Any CPU
		{A711DB05-1596-422C-A886-9E89E41D222A}.Debug|Any CPU.ActiveCfg = Debug|Any CPU
		{A711DB05-1596-422C-A886-9E89E41D222A}.Debug|Any CPU.Build.0 = Debug|Any CPU
		{A711DB05-1596-422C-A886-9E89E41D222A}.Release|Any CPU.ActiveCfg = Release|Any CPU
		{A711DB05-1596-422C-A886-9E89E41D222A}.Release|Any CPU.Build.0 = Release|Any CPU
	EndGlobalSection
	GlobalSection(SolutionProperties) = preSolution
		HideSolutionNode = FALSE
	EndGlobalSection
	GlobalSection(ExtensibilityGlobals) = postSolution
		SolutionGuid = {7367E8DE-79D7-4431-95B4-EAFDB06D0F7D}
	EndGlobalSection
EndGlobal
