
Microsoft Visual Studio Solution File, Format Version 12.00
# Visual Studio Version 16
VisualStudioVersion = 16.0.32002.261
MinimumVisualStudioVersion = 10.0.40219.1
Project("{FAE04EC0-301F-11D3-BF4B-00C04F79EFBC}") = "Task1", "Task1\Task1.csproj", "{9A6E7C71-6A66-4666-A5AB-104191C3FAC4}"
EndProject
Project("{FAE04EC0-301F-11D3-BF4B-00C04F79EFBC}") = "Task2", "Task2\Task2.csproj", "{6CBA0CBB-4D87-481B-BE5A-399B1C7FCA6F}"
EndProject
Project("{FAE04EC0-301F-11D3-BF4B-00C04F79EFBC}") = "Task5", "Task5\Task5.csproj", "{6BDB6790-6FE3-4332-9129-A56199349FFD}"
EndProject
Global
	GlobalSection(SolutionConfigurationPlatforms) = preSolution
		Debug|Any CPU = Debug|Any CPU
		Release|Any CPU = Release|Any CPU
	EndGlobalSection
	GlobalSection(ProjectConfigurationPlatforms) = postSolution
		{9A6E7C71-6A66-4666-A5AB-104191C3FAC4}.Debug|Any CPU.ActiveCfg = Debug|Any CPU
		{9A6E7C71-6A66-4666-A5AB-104191C3FAC4}.Debug|Any CPU.Build.0 = Debug|Any CPU
		{9A6E7C71-6A66-4666-A5AB-104191C3FAC4}.Release|Any CPU.ActiveCfg = Release|Any CPU
		{9A6E7C71-6A66-4666-A5AB-104191C3FAC4}.Release|Any CPU.Build.0 = Release|Any CPU
		{6CBA0CBB-4D87-481B-BE5A-399B1C7FCA6F}.Debug|Any CPU.ActiveCfg = Debug|Any CPU
		{6CBA0CBB-4D87-481B-BE5A-399B1C7FCA6F}.Debug|Any CPU.Build.0 = Debug|Any CPU
		{6CBA0CBB-4D87-481B-BE5A-399B1C7FCA6F}.Release|Any CPU.ActiveCfg = Release|Any CPU
		{6CBA0CBB-4D87-481B-BE5A-399B1C7FCA6F}.Release|Any CPU.Build.0 = Release|Any CPU
		{6BDB6790-6FE3-4332-9129-A56199349FFD}.Debug|Any CPU.ActiveCfg = Debug|Any CPU
		{6BDB6790-6FE3-4332-9129-A56199349FFD}.Debug|Any CPU.Build.0 = Debug|Any CPU
		{6BDB6790-6FE3-4332-9129-A56199349FFD}.Release|Any CPU.ActiveCfg = Release|Any CPU
		{6BDB6790-6FE3-4332-9129-A56199349FFD}.Release|Any CPU.Build.0 = Release|Any CPU
	EndGlobalSection
	GlobalSection(SolutionProperties) = preSolution
		HideSolutionNode = FALSE
	EndGlobalSection
	GlobalSection(ExtensibilityGlobals) = postSolution
		SolutionGuid = {0B18E143-95A3-419B-A6AD-5E56FFB2ADA4}
	EndGlobalSection
EndGlobal
