
Microsoft Visual Studio Solution File, Format Version 12.00
# Visual Studio Version 17
VisualStudioVersion = 17.2.32526.322
MinimumVisualStudioVersion = 10.0.40219.1
Project("{FAE04EC0-301F-11D3-BF4B-00C04F79EFBC}") = "Task2", "Task1\Task2.csproj", "{B3BA6B43-8043-4E34-8F29-90064F78C51A}"
EndProject
Project("{FAE04EC0-301F-11D3-BF4B-00C04F79EFBC}") = "Task5", "Task5\Task5.csproj", "{A341B0D6-1A6B-476B-836F-5DDB375E2F04}"
EndProject
Global
	GlobalSection(SolutionConfigurationPlatforms) = preSolution
		Debug|Any CPU = Debug|Any CPU
		Release|Any CPU = Release|Any CPU
	EndGlobalSection
	GlobalSection(ProjectConfigurationPlatforms) = postSolution
		{B3BA6B43-8043-4E34-8F29-90064F78C51A}.Debug|Any CPU.ActiveCfg = Debug|Any CPU
		{B3BA6B43-8043-4E34-8F29-90064F78C51A}.Debug|Any CPU.Build.0 = Debug|Any CPU
		{B3BA6B43-8043-4E34-8F29-90064F78C51A}.Release|Any CPU.ActiveCfg = Release|Any CPU
		{B3BA6B43-8043-4E34-8F29-90064F78C51A}.Release|Any CPU.Build.0 = Release|Any CPU
		{A341B0D6-1A6B-476B-836F-5DDB375E2F04}.Debug|Any CPU.ActiveCfg = Debug|Any CPU
		{A341B0D6-1A6B-476B-836F-5DDB375E2F04}.Debug|Any CPU.Build.0 = Debug|Any CPU
		{A341B0D6-1A6B-476B-836F-5DDB375E2F04}.Release|Any CPU.ActiveCfg = Release|Any CPU
		{A341B0D6-1A6B-476B-836F-5DDB375E2F04}.Release|Any CPU.Build.0 = Release|Any CPU
	EndGlobalSection
	GlobalSection(SolutionProperties) = preSolution
		HideSolutionNode = FALSE
	EndGlobalSection
	GlobalSection(ExtensibilityGlobals) = postSolution
		SolutionGuid = {C5FECA5A-F869-48BD-A981-2ECE424D576C}
	EndGlobalSection
EndGlobal
