
Microsoft Visual Studio Solution File, Format Version 12.00
# Visual Studio Version 16
VisualStudioVersion = 16.0.32002.261
MinimumVisualStudioVersion = 10.0.40219.1
Project("{FAE04EC0-301F-11D3-BF4B-00C04F79EFBC}") = "Task1", "Task1\Task1.csproj", "{BED5A591-0C7A-46D1-A8AB-C64B708BAFE5}"
EndProject
Project("{FAE04EC0-301F-11D3-BF4B-00C04F79EFBC}") = "Task2", "Task2\Task2.csproj", "{BDE348E4-FD00-4A18-B9DA-B86FF2FA48E3}"
EndProject
Project("{FAE04EC0-301F-11D3-BF4B-00C04F79EFBC}") = "Task3", "Task3\Task3.csproj", "{1035BC01-F607-4D71-B3AD-C69A9EDFC2E1}"
EndProject
Project("{FAE04EC0-301F-11D3-BF4B-00C04F79EFBC}") = "Task4", "Task4\Task4.csproj", "{9DF282AC-4AE7-467A-B9E8-4CA1644F96CA}"
EndProject
Global
	GlobalSection(SolutionConfigurationPlatforms) = preSolution
		Debug|Any CPU = Debug|Any CPU
		Release|Any CPU = Release|Any CPU
	EndGlobalSection
	GlobalSection(ProjectConfigurationPlatforms) = postSolution
		{BED5A591-0C7A-46D1-A8AB-C64B708BAFE5}.Debug|Any CPU.ActiveCfg = Debug|Any CPU
		{BED5A591-0C7A-46D1-A8AB-C64B708BAFE5}.Debug|Any CPU.Build.0 = Debug|Any CPU
		{BED5A591-0C7A-46D1-A8AB-C64B708BAFE5}.Release|Any CPU.ActiveCfg = Release|Any CPU
		{BED5A591-0C7A-46D1-A8AB-C64B708BAFE5}.Release|Any CPU.Build.0 = Release|Any CPU
		{BDE348E4-FD00-4A18-B9DA-B86FF2FA48E3}.Debug|Any CPU.ActiveCfg = Debug|Any CPU
		{BDE348E4-FD00-4A18-B9DA-B86FF2FA48E3}.Debug|Any CPU.Build.0 = Debug|Any CPU
		{BDE348E4-FD00-4A18-B9DA-B86FF2FA48E3}.Release|Any CPU.ActiveCfg = Release|Any CPU
		{BDE348E4-FD00-4A18-B9DA-B86FF2FA48E3}.Release|Any CPU.Build.0 = Release|Any CPU
		{1035BC01-F607-4D71-B3AD-C69A9EDFC2E1}.Debug|Any CPU.ActiveCfg = Debug|Any CPU
		{1035BC01-F607-4D71-B3AD-C69A9EDFC2E1}.Debug|Any CPU.Build.0 = Debug|Any CPU
		{1035BC01-F607-4D71-B3AD-C69A9EDFC2E1}.Release|Any CPU.ActiveCfg = Release|Any CPU
		{1035BC01-F607-4D71-B3AD-C69A9EDFC2E1}.Release|Any CPU.Build.0 = Release|Any CPU
		{9DF282AC-4AE7-467A-B9E8-4CA1644F96CA}.Debug|Any CPU.ActiveCfg = Debug|Any CPU
		{9DF282AC-4AE7-467A-B9E8-4CA1644F96CA}.Debug|Any CPU.Build.0 = Debug|Any CPU
		{9DF282AC-4AE7-467A-B9E8-4CA1644F96CA}.Release|Any CPU.ActiveCfg = Release|Any CPU
		{9DF282AC-4AE7-467A-B9E8-4CA1644F96CA}.Release|Any CPU.Build.0 = Release|Any CPU
	EndGlobalSection
	GlobalSection(SolutionProperties) = preSolution
		HideSolutionNode = FALSE
	EndGlobalSection
	GlobalSection(ExtensibilityGlobals) = postSolution
		SolutionGuid = {8A8E2AE9-4357-4676-86C5-56EE9B4047A0}
	EndGlobalSection
EndGlobal
