
Microsoft Visual Studio Solution File, Format Version 12.00
# Visual Studio Version 16
VisualStudioVersion = 16.0.32002.261
MinimumVisualStudioVersion = 10.0.40219.1
Project("{FAE04EC0-301F-11D3-BF4B-00C04F79EFBC}") = "Task1", "Task1\Task1.csproj", "{621FCEC7-3F76-4390-9FBE-883449ECDFF1}"
EndProject
Project("{FAE04EC0-301F-11D3-BF4B-00C04F79EFBC}") = "Task4", "Task4\Task4.csproj", "{13363686-82BE-46AB-B8DC-5D92FFB14671}"
EndProject
Global
	GlobalSection(SolutionConfigurationPlatforms) = preSolution
		Debug|Any CPU = Debug|Any CPU
		Release|Any CPU = Release|Any CPU
	EndGlobalSection
	GlobalSection(ProjectConfigurationPlatforms) = postSolution
		{621FCEC7-3F76-4390-9FBE-883449ECDFF1}.Debug|Any CPU.ActiveCfg = Debug|Any CPU
		{621FCEC7-3F76-4390-9FBE-883449ECDFF1}.Debug|Any CPU.Build.0 = Debug|Any CPU
		{621FCEC7-3F76-4390-9FBE-883449ECDFF1}.Release|Any CPU.ActiveCfg = Release|Any CPU
		{621FCEC7-3F76-4390-9FBE-883449ECDFF1}.Release|Any CPU.Build.0 = Release|Any CPU
		{13363686-82BE-46AB-B8DC-5D92FFB14671}.Debug|Any CPU.ActiveCfg = Debug|Any CPU
		{13363686-82BE-46AB-B8DC-5D92FFB14671}.Debug|Any CPU.Build.0 = Debug|Any CPU
		{13363686-82BE-46AB-B8DC-5D92FFB14671}.Release|Any CPU.ActiveCfg = Release|Any CPU
		{13363686-82BE-46AB-B8DC-5D92FFB14671}.Release|Any CPU.Build.0 = Release|Any CPU
	EndGlobalSection
	GlobalSection(SolutionProperties) = preSolution
		HideSolutionNode = FALSE
	EndGlobalSection
	GlobalSection(ExtensibilityGlobals) = postSolution
		SolutionGuid = {F16ECBF2-C56F-4479-B275-DBAFB5D9265C}
	EndGlobalSection
EndGlobal
