
Microsoft Visual Studio Solution File, Format Version 12.00
# Visual Studio Version 16
VisualStudioVersion = 16.0.32002.261
MinimumVisualStudioVersion = 10.0.40219.1
Project("{FAE04EC0-301F-11D3-BF4B-00C04F79EFBC}") = "Task1", "Task1\Task1.csproj", "{3FDE5363-3A86-4646-B7C9-1897ADFB803A}"
EndProject
Global
	GlobalSection(SolutionConfigurationPlatforms) = preSolution
		Debug|Any CPU = Debug|Any CPU
		Release|Any CPU = Release|Any CPU
	EndGlobalSection
	GlobalSection(ProjectConfigurationPlatforms) = postSolution
		{3FDE5363-3A86-4646-B7C9-1897ADFB803A}.Debug|Any CPU.ActiveCfg = Debug|Any CPU
		{3FDE5363-3A86-4646-B7C9-1897ADFB803A}.Debug|Any CPU.Build.0 = Debug|Any CPU
		{3FDE5363-3A86-4646-B7C9-1897ADFB803A}.Release|Any CPU.ActiveCfg = Release|Any CPU
		{3FDE5363-3A86-4646-B7C9-1897ADFB803A}.Release|Any CPU.Build.0 = Release|Any CPU
	EndGlobalSection
	GlobalSection(SolutionProperties) = preSolution
		HideSolutionNode = FALSE
	EndGlobalSection
	GlobalSection(ExtensibilityGlobals) = postSolution
		SolutionGuid = {2FD90B70-57C7-408F-AF41-DB09D85609D5}
	EndGlobalSection
EndGlobal
