
Microsoft Visual Studio Solution File, Format Version 12.00
# Visual Studio Version 17
VisualStudioVersion = 17.2.32317.152
MinimumVisualStudioVersion = 10.0.40219.1
Project("{FAE04EC0-301F-11D3-BF4B-00C04F79EFBC}") = "Task1", "Task1\Task1.csproj", "{F62F9B23-A0A3-4872-866A-F3DECE6D5B48}"
EndProject
Global
	GlobalSection(SolutionConfigurationPlatforms) = preSolution
		Debug|Any CPU = Debug|Any CPU
		Release|Any CPU = Release|Any CPU
	EndGlobalSection
	GlobalSection(ProjectConfigurationPlatforms) = postSolution
		{F62F9B23-A0A3-4872-866A-F3DECE6D5B48}.Debug|Any CPU.ActiveCfg = Debug|Any CPU
		{F62F9B23-A0A3-4872-866A-F3DECE6D5B48}.Debug|Any CPU.Build.0 = Debug|Any CPU
		{F62F9B23-A0A3-4872-866A-F3DECE6D5B48}.Release|Any CPU.ActiveCfg = Release|Any CPU
		{F62F9B23-A0A3-4872-866A-F3DECE6D5B48}.Release|Any CPU.Build.0 = Release|Any CPU
	EndGlobalSection
	GlobalSection(SolutionProperties) = preSolution
		HideSolutionNode = FALSE
	EndGlobalSection
	GlobalSection(ExtensibilityGlobals) = postSolution
		SolutionGuid = {AD9C5AA1-DAD3-4A33-952B-F274D6997A6E}
	EndGlobalSection
EndGlobal
