
Microsoft Visual Studio Solution File, Format Version 12.00
# Visual Studio Version 17
VisualStudioVersion = 17.1.32120.378
MinimumVisualStudioVersion = 10.0.40219.1
Project("{9A19103F-16F7-4668-BE54-9A1E7A4F7556}") = "Task1", "Task1\Task1.csproj", "{4873ED47-AED4-4345-9406-74CDA93DEB13}"
EndProject
Project("{FAE04EC0-301F-11D3-BF4B-00C04F79EFBC}") = "Task2", "Task2\Task2.csproj", "{317C2935-482D-458E-BB60-0F9AF842F00F}"
EndProject
Project("{FAE04EC0-301F-11D3-BF4B-00C04F79EFBC}") = "Task3", "Task3\Task3.csproj", "{D0D1B62A-6281-4E5B-9FD4-3D6AF42CE0BE}"
EndProject
Project("{FAE04EC0-301F-11D3-BF4B-00C04F79EFBC}") = "Task4", "Task4\Task4.csproj", "{D33A8944-7910-4C24-AFE2-0ECC2A52DDF6}"
EndProject
Project("{FAE04EC0-301F-11D3-BF4B-00C04F79EFBC}") = "Task5", "Task5\Task5.csproj", "{64AD80CD-FBC0-45F0-85E4-B322B637B4D2}"
EndProject
Project("{FAE04EC0-301F-11D3-BF4B-00C04F79EFBC}") = "Task6", "Task6\Task6.csproj", "{BCDAB972-859C-4B62-8AFE-173ED0A8635F}"
EndProject
Global
	GlobalSection(SolutionConfigurationPlatforms) = preSolution
		Debug|Any CPU = Debug|Any CPU
		Release|Any CPU = Release|Any CPU
	EndGlobalSection
	GlobalSection(ProjectConfigurationPlatforms) = postSolution
		{4873ED47-AED4-4345-9406-74CDA93DEB13}.Debug|Any CPU.ActiveCfg = Debug|Any CPU
		{4873ED47-AED4-4345-9406-74CDA93DEB13}.Debug|Any CPU.Build.0 = Debug|Any CPU
		{4873ED47-AED4-4345-9406-74CDA93DEB13}.Release|Any CPU.ActiveCfg = Release|Any CPU
		{4873ED47-AED4-4345-9406-74CDA93DEB13}.Release|Any CPU.Build.0 = Release|Any CPU
		{317C2935-482D-458E-BB60-0F9AF842F00F}.Debug|Any CPU.ActiveCfg = Debug|Any CPU
		{317C2935-482D-458E-BB60-0F9AF842F00F}.Debug|Any CPU.Build.0 = Debug|Any CPU
		{317C2935-482D-458E-BB60-0F9AF842F00F}.Release|Any CPU.ActiveCfg = Release|Any CPU
		{317C2935-482D-458E-BB60-0F9AF842F00F}.Release|Any CPU.Build.0 = Release|Any CPU
		{D0D1B62A-6281-4E5B-9FD4-3D6AF42CE0BE}.Debug|Any CPU.ActiveCfg = Debug|Any CPU
		{D0D1B62A-6281-4E5B-9FD4-3D6AF42CE0BE}.Debug|Any CPU.Build.0 = Debug|Any CPU
		{D0D1B62A-6281-4E5B-9FD4-3D6AF42CE0BE}.Release|Any CPU.ActiveCfg = Release|Any CPU
		{D0D1B62A-6281-4E5B-9FD4-3D6AF42CE0BE}.Release|Any CPU.Build.0 = Release|Any CPU
		{D33A8944-7910-4C24-AFE2-0ECC2A52DDF6}.Debug|Any CPU.ActiveCfg = Debug|Any CPU
		{D33A8944-7910-4C24-AFE2-0ECC2A52DDF6}.Debug|Any CPU.Build.0 = Debug|Any CPU
		{D33A8944-7910-4C24-AFE2-0ECC2A52DDF6}.Release|Any CPU.ActiveCfg = Release|Any CPU
		{D33A8944-7910-4C24-AFE2-0ECC2A52DDF6}.Release|Any CPU.Build.0 = Release|Any CPU
		{64AD80CD-FBC0-45F0-85E4-B322B637B4D2}.Debug|Any CPU.ActiveCfg = Debug|Any CPU
		{64AD80CD-FBC0-45F0-85E4-B322B637B4D2}.Debug|Any CPU.Build.0 = Debug|Any CPU
		{64AD80CD-FBC0-45F0-85E4-B322B637B4D2}.Release|Any CPU.ActiveCfg = Release|Any CPU
		{64AD80CD-FBC0-45F0-85E4-B322B637B4D2}.Release|Any CPU.Build.0 = Release|Any CPU
		{BCDAB972-859C-4B62-8AFE-173ED0A8635F}.Debug|Any CPU.ActiveCfg = Debug|Any CPU
		{BCDAB972-859C-4B62-8AFE-173ED0A8635F}.Debug|Any CPU.Build.0 = Debug|Any CPU
		{BCDAB972-859C-4B62-8AFE-173ED0A8635F}.Release|Any CPU.ActiveCfg = Release|Any CPU
		{BCDAB972-859C-4B62-8AFE-173ED0A8635F}.Release|Any CPU.Build.0 = Release|Any CPU
	EndGlobalSection
	GlobalSection(SolutionProperties) = preSolution
		HideSolutionNode = FALSE
	EndGlobalSection
	GlobalSection(ExtensibilityGlobals) = postSolution
		SolutionGuid = {72FFE9DB-D742-4463-8105-53B50C283F5A}
	EndGlobalSection
EndGlobal
