
Microsoft Visual Studio Solution File, Format Version 12.00
# Visual Studio Version 16
VisualStudioVersion = 16.0.32002.261
MinimumVisualStudioVersion = 10.0.40219.1
Project("{FAE04EC0-301F-11D3-BF4B-00C04F79EFBC}") = "Task1", "Task1\Task1.csproj", "{8B6287B0-2A4D-4C86-B349-E6EED2591679}"
EndProject
Global
	GlobalSection(SolutionConfigurationPlatforms) = preSolution
		Debug|Any CPU = Debug|Any CPU
		Release|Any CPU = Release|Any CPU
	EndGlobalSection
	GlobalSection(ProjectConfigurationPlatforms) = postSolution
		{8B6287B0-2A4D-4C86-B349-E6EED2591679}.Debug|Any CPU.ActiveCfg = Debug|Any CPU
		{8B6287B0-2A4D-4C86-B349-E6EED2591679}.Debug|Any CPU.Build.0 = Debug|Any CPU
		{8B6287B0-2A4D-4C86-B349-E6EED2591679}.Release|Any CPU.ActiveCfg = Release|Any CPU
		{8B6287B0-2A4D-4C86-B349-E6EED2591679}.Release|Any CPU.Build.0 = Release|Any CPU
	EndGlobalSection
	GlobalSection(SolutionProperties) = preSolution
		HideSolutionNode = FALSE
	EndGlobalSection
	GlobalSection(ExtensibilityGlobals) = postSolution
		SolutionGuid = {360B65DC-E9E7-47E4-8DFE-F94BE4A0DD7D}
	EndGlobalSection
EndGlobal
