
Microsoft Visual Studio Solution File, Format Version 12.00
# Visual Studio Version 16
VisualStudioVersion = 16.0.32002.261
MinimumVisualStudioVersion = 10.0.40219.1
Project("{FAE04EC0-301F-11D3-BF4B-00C04F79EFBC}") = "Task1", "Task1\Task1.csproj", "{7740AA44-76CE-4BE9-882F-A83B70922970}"
EndProject
Project("{FAE04EC0-301F-11D3-BF4B-00C04F79EFBC}") = "Task2", "Task2\Task2.csproj", "{15EAD1C1-FDCA-40ED-B917-BCA72487D4F0}"
EndProject
Project("{FAE04EC0-301F-11D3-BF4B-00C04F79EFBC}") = "Task3", "Task3\Task3.csproj", "{5A563A4F-99A8-4A99-921F-407DF3545301}"
EndProject
Project("{FAE04EC0-301F-11D3-BF4B-00C04F79EFBC}") = "Task4", "Task4\Task4.csproj", "{43C5D22E-989C-452D-AD3C-2AAF702C38CD}"
EndProject
Project("{FAE04EC0-301F-11D3-BF4B-00C04F79EFBC}") = "Task5", "Task5\Task5.csproj", "{4EFAD582-E916-40D5-A668-84A470DFCBF0}"
EndProject
Global
	GlobalSection(SolutionConfigurationPlatforms) = preSolution
		Debug|Any CPU = Debug|Any CPU
		Release|Any CPU = Release|Any CPU
	EndGlobalSection
	GlobalSection(ProjectConfigurationPlatforms) = postSolution
		{7740AA44-76CE-4BE9-882F-A83B70922970}.Debug|Any CPU.ActiveCfg = Debug|Any CPU
		{7740AA44-76CE-4BE9-882F-A83B70922970}.Debug|Any CPU.Build.0 = Debug|Any CPU
		{7740AA44-76CE-4BE9-882F-A83B70922970}.Release|Any CPU.ActiveCfg = Release|Any CPU
		{7740AA44-76CE-4BE9-882F-A83B70922970}.Release|Any CPU.Build.0 = Release|Any CPU
		{15EAD1C1-FDCA-40ED-B917-BCA72487D4F0}.Debug|Any CPU.ActiveCfg = Debug|Any CPU
		{15EAD1C1-FDCA-40ED-B917-BCA72487D4F0}.Debug|Any CPU.Build.0 = Debug|Any CPU
		{15EAD1C1-FDCA-40ED-B917-BCA72487D4F0}.Release|Any CPU.ActiveCfg = Release|Any CPU
		{15EAD1C1-FDCA-40ED-B917-BCA72487D4F0}.Release|Any CPU.Build.0 = Release|Any CPU
		{5A563A4F-99A8-4A99-921F-407DF3545301}.Debug|Any CPU.ActiveCfg = Debug|Any CPU
		{5A563A4F-99A8-4A99-921F-407DF3545301}.Debug|Any CPU.Build.0 = Debug|Any CPU
		{5A563A4F-99A8-4A99-921F-407DF3545301}.Release|Any CPU.ActiveCfg = Release|Any CPU
		{5A563A4F-99A8-4A99-921F-407DF3545301}.Release|Any CPU.Build.0 = Release|Any CPU
		{43C5D22E-989C-452D-AD3C-2AAF702C38CD}.Debug|Any CPU.ActiveCfg = Debug|Any CPU
		{43C5D22E-989C-452D-AD3C-2AAF702C38CD}.Debug|Any CPU.Build.0 = Debug|Any CPU
		{43C5D22E-989C-452D-AD3C-2AAF702C38CD}.Release|Any CPU.ActiveCfg = Release|Any CPU
		{43C5D22E-989C-452D-AD3C-2AAF702C38CD}.Release|Any CPU.Build.0 = Release|Any CPU
		{4EFAD582-E916-40D5-A668-84A470DFCBF0}.Debug|Any CPU.ActiveCfg = Debug|Any CPU
		{4EFAD582-E916-40D5-A668-84A470DFCBF0}.Debug|Any CPU.Build.0 = Debug|Any CPU
		{4EFAD582-E916-40D5-A668-84A470DFCBF0}.Release|Any CPU.ActiveCfg = Release|Any CPU
		{4EFAD582-E916-40D5-A668-84A470DFCBF0}.Release|Any CPU.Build.0 = Release|Any CPU
	EndGlobalSection
	GlobalSection(SolutionProperties) = preSolution
		HideSolutionNode = FALSE
	EndGlobalSection
	GlobalSection(ExtensibilityGlobals) = postSolution
		SolutionGuid = {56AD4A8E-8C10-498C-A054-9A6411566780}
	EndGlobalSection
EndGlobal
