
Microsoft Visual Studio Solution File, Format Version 12.00
# Visual Studio Version 17
VisualStudioVersion = 17.2.32314.265
MinimumVisualStudioVersion = 10.0.40219.1
Project("{9A19103F-16F7-4668-BE54-9A1E7A4F7556}") = "Task1", "Task1\Task1.csproj", "{D90F7BA3-30E2-45F0-A69C-1B09EB8F610F}"
EndProject
Project("{FAE04EC0-301F-11D3-BF4B-00C04F79EFBC}") = "Task2", "Task2\Task2.csproj", "{6B00FDFD-180E-4BB2-92EC-3CF8D7C7246B}"
EndProject
Project("{FAE04EC0-301F-11D3-BF4B-00C04F79EFBC}") = "Task3", "Task3\Task3.csproj", "{8DA775EB-7972-4BB4-A561-7DBF685A391C}"
EndProject
Project("{FAE04EC0-301F-11D3-BF4B-00C04F79EFBC}") = "Task4", "Task4\Task4.csproj", "{F7C158D9-07E0-4C37-A8E3-6D03FBAE75D5}"
EndProject
Project("{FAE04EC0-301F-11D3-BF4B-00C04F79EFBC}") = "Task5", "Task5\Task5.csproj", "{165134E3-D149-47B4-A4EB-2427BB2B5B78}"
EndProject
Global
	GlobalSection(SolutionConfigurationPlatforms) = preSolution
		Debug|Any CPU = Debug|Any CPU
		Release|Any CPU = Release|Any CPU
	EndGlobalSection
	GlobalSection(ProjectConfigurationPlatforms) = postSolution
		{D90F7BA3-30E2-45F0-A69C-1B09EB8F610F}.Debug|Any CPU.ActiveCfg = Debug|Any CPU
		{D90F7BA3-30E2-45F0-A69C-1B09EB8F610F}.Debug|Any CPU.Build.0 = Debug|Any CPU
		{D90F7BA3-30E2-45F0-A69C-1B09EB8F610F}.Release|Any CPU.ActiveCfg = Release|Any CPU
		{D90F7BA3-30E2-45F0-A69C-1B09EB8F610F}.Release|Any CPU.Build.0 = Release|Any CPU
		{6B00FDFD-180E-4BB2-92EC-3CF8D7C7246B}.Debug|Any CPU.ActiveCfg = Debug|Any CPU
		{6B00FDFD-180E-4BB2-92EC-3CF8D7C7246B}.Debug|Any CPU.Build.0 = Debug|Any CPU
		{6B00FDFD-180E-4BB2-92EC-3CF8D7C7246B}.Release|Any CPU.ActiveCfg = Release|Any CPU
		{6B00FDFD-180E-4BB2-92EC-3CF8D7C7246B}.Release|Any CPU.Build.0 = Release|Any CPU
		{8DA775EB-7972-4BB4-A561-7DBF685A391C}.Debug|Any CPU.ActiveCfg = Debug|Any CPU
		{8DA775EB-7972-4BB4-A561-7DBF685A391C}.Debug|Any CPU.Build.0 = Debug|Any CPU
		{8DA775EB-7972-4BB4-A561-7DBF685A391C}.Release|Any CPU.ActiveCfg = Release|Any CPU
		{8DA775EB-7972-4BB4-A561-7DBF685A391C}.Release|Any CPU.Build.0 = Release|Any CPU
		{F7C158D9-07E0-4C37-A8E3-6D03FBAE75D5}.Debug|Any CPU.ActiveCfg = Debug|Any CPU
		{F7C158D9-07E0-4C37-A8E3-6D03FBAE75D5}.Debug|Any CPU.Build.0 = Debug|Any CPU
		{F7C158D9-07E0-4C37-A8E3-6D03FBAE75D5}.Release|Any CPU.ActiveCfg = Release|Any CPU
		{F7C158D9-07E0-4C37-A8E3-6D03FBAE75D5}.Release|Any CPU.Build.0 = Release|Any CPU
		{165134E3-D149-47B4-A4EB-2427BB2B5B78}.Debug|Any CPU.ActiveCfg = Debug|Any CPU
		{165134E3-D149-47B4-A4EB-2427BB2B5B78}.Debug|Any CPU.Build.0 = Debug|Any CPU
		{165134E3-D149-47B4-A4EB-2427BB2B5B78}.Release|Any CPU.ActiveCfg = Release|Any CPU
		{165134E3-D149-47B4-A4EB-2427BB2B5B78}.Release|Any CPU.Build.0 = Release|Any CPU
	EndGlobalSection
	GlobalSection(SolutionProperties) = preSolution
		HideSolutionNode = FALSE
	EndGlobalSection
	GlobalSection(ExtensibilityGlobals) = postSolution
		SolutionGuid = {7837E5D2-2F8C-4DD9-B2EA-B01898104297}
	EndGlobalSection
EndGlobal
