
Microsoft Visual Studio Solution File, Format Version 12.00
# Visual Studio Version 17
VisualStudioVersion = 17.1.32120.378
MinimumVisualStudioVersion = 10.0.40219.1
Project("{9A19103F-16F7-4668-BE54-9A1E7A4F7556}") = "Task1", "Task1\Task1.csproj", "{10DB997E-0D6E-44E8-9936-313BC455E82C}"
EndProject
Project("{9A19103F-16F7-4668-BE54-9A1E7A4F7556}") = "Task2", "Task2\Task2.csproj", "{7CFD49A8-AB18-4DF2-95F0-780126E96465}"
EndProject
Project("{FAE04EC0-301F-11D3-BF4B-00C04F79EFBC}") = "Task3", "Task3\Task3.csproj", "{62BAF5EE-4882-4CD7-98C3-4D16B2321205}"
EndProject
Project("{FAE04EC0-301F-11D3-BF4B-00C04F79EFBC}") = "Task4", "Task4\Task4.csproj", "{EAFB494C-0EEC-4CD7-AA84-A9ADB3936D74}"
EndProject
Project("{FAE04EC0-301F-11D3-BF4B-00C04F79EFBC}") = "Task5", "Task5\Task5.csproj", "{0FE33304-83CD-47D9-9ED9-A2DF3D695C17}"
EndProject
Global
	GlobalSection(SolutionConfigurationPlatforms) = preSolution
		Debug|Any CPU = Debug|Any CPU
		Release|Any CPU = Release|Any CPU
	EndGlobalSection
	GlobalSection(ProjectConfigurationPlatforms) = postSolution
		{10DB997E-0D6E-44E8-9936-313BC455E82C}.Debug|Any CPU.ActiveCfg = Debug|Any CPU
		{10DB997E-0D6E-44E8-9936-313BC455E82C}.Debug|Any CPU.Build.0 = Debug|Any CPU
		{10DB997E-0D6E-44E8-9936-313BC455E82C}.Release|Any CPU.ActiveCfg = Release|Any CPU
		{10DB997E-0D6E-44E8-9936-313BC455E82C}.Release|Any CPU.Build.0 = Release|Any CPU
		{7CFD49A8-AB18-4DF2-95F0-780126E96465}.Debug|Any CPU.ActiveCfg = Debug|Any CPU
		{7CFD49A8-AB18-4DF2-95F0-780126E96465}.Debug|Any CPU.Build.0 = Debug|Any CPU
		{7CFD49A8-AB18-4DF2-95F0-780126E96465}.Release|Any CPU.ActiveCfg = Release|Any CPU
		{7CFD49A8-AB18-4DF2-95F0-780126E96465}.Release|Any CPU.Build.0 = Release|Any CPU
		{62BAF5EE-4882-4CD7-98C3-4D16B2321205}.Debug|Any CPU.ActiveCfg = Debug|Any CPU
		{62BAF5EE-4882-4CD7-98C3-4D16B2321205}.Debug|Any CPU.Build.0 = Debug|Any CPU
		{62BAF5EE-4882-4CD7-98C3-4D16B2321205}.Release|Any CPU.ActiveCfg = Release|Any CPU
		{62BAF5EE-4882-4CD7-98C3-4D16B2321205}.Release|Any CPU.Build.0 = Release|Any CPU
		{EAFB494C-0EEC-4CD7-AA84-A9ADB3936D74}.Debug|Any CPU.ActiveCfg = Debug|Any CPU
		{EAFB494C-0EEC-4CD7-AA84-A9ADB3936D74}.Debug|Any CPU.Build.0 = Debug|Any CPU
		{EAFB494C-0EEC-4CD7-AA84-A9ADB3936D74}.Release|Any CPU.ActiveCfg = Release|Any CPU
		{EAFB494C-0EEC-4CD7-AA84-A9ADB3936D74}.Release|Any CPU.Build.0 = Release|Any CPU
		{0FE33304-83CD-47D9-9ED9-A2DF3D695C17}.Debug|Any CPU.ActiveCfg = Debug|Any CPU
		{0FE33304-83CD-47D9-9ED9-A2DF3D695C17}.Debug|Any CPU.Build.0 = Debug|Any CPU
		{0FE33304-83CD-47D9-9ED9-A2DF3D695C17}.Release|Any CPU.ActiveCfg = Release|Any CPU
		{0FE33304-83CD-47D9-9ED9-A2DF3D695C17}.Release|Any CPU.Build.0 = Release|Any CPU
	EndGlobalSection
	GlobalSection(SolutionProperties) = preSolution
		HideSolutionNode = FALSE
	EndGlobalSection
	GlobalSection(ExtensibilityGlobals) = postSolution
		SolutionGuid = {AADFD9DA-ABD6-42EB-9485-75AC0CDC0DD7}
	EndGlobalSection
EndGlobal
