
Microsoft Visual Studio Solution File, Format Version 12.00
# Visual Studio Version 16
VisualStudioVersion = 16.0.32002.261
MinimumVisualStudioVersion = 10.0.40219.1
Project("{9A19103F-16F7-4668-BE54-9A1E7A4F7556}") = "Task1", "Task1\Task1.csproj", "{625F11A7-C46A-4318-B1F8-6C1DE8067A80}"
EndProject
Project("{9A19103F-16F7-4668-BE54-9A1E7A4F7556}") = "Task4", "Task4\Task4.csproj", "{02275213-9BBE-42E5-9FE5-342679573C1E}"
EndProject
Global
	GlobalSection(SolutionConfigurationPlatforms) = preSolution
		Debug|Any CPU = Debug|Any CPU
		Release|Any CPU = Release|Any CPU
	EndGlobalSection
	GlobalSection(ProjectConfigurationPlatforms) = postSolution
		{625F11A7-C46A-4318-B1F8-6C1DE8067A80}.Debug|Any CPU.ActiveCfg = Debug|Any CPU
		{625F11A7-C46A-4318-B1F8-6C1DE8067A80}.Debug|Any CPU.Build.0 = Debug|Any CPU
		{625F11A7-C46A-4318-B1F8-6C1DE8067A80}.Release|Any CPU.ActiveCfg = Release|Any CPU
		{625F11A7-C46A-4318-B1F8-6C1DE8067A80}.Release|Any CPU.Build.0 = Release|Any CPU
		{02275213-9BBE-42E5-9FE5-342679573C1E}.Debug|Any CPU.ActiveCfg = Debug|Any CPU
		{02275213-9BBE-42E5-9FE5-342679573C1E}.Debug|Any CPU.Build.0 = Debug|Any CPU
		{02275213-9BBE-42E5-9FE5-342679573C1E}.Release|Any CPU.ActiveCfg = Release|Any CPU
		{02275213-9BBE-42E5-9FE5-342679573C1E}.Release|Any CPU.Build.0 = Release|Any CPU
	EndGlobalSection
	GlobalSection(SolutionProperties) = preSolution
		HideSolutionNode = FALSE
	EndGlobalSection
	GlobalSection(ExtensibilityGlobals) = postSolution
		SolutionGuid = {A95BA241-995E-497B-BFBA-A63A0FFCF8B7}
	EndGlobalSection
EndGlobal
